// !$*UTF8*$!
{
	archiveVersion = 1;
	classes = {
	};
	objectVersion = 46;
	objects = {

/* Begin PBXBuildFile section */
		62B0D8BB6108D54BA76EDA94 /* Pods_MGNetworking.framework in Frameworks */ = {isa = PBXBuildFile; fileRef = 666E6340D5E2199184248BF7 /* Pods_MGNetworking.framework */; };
		A6C68FDC1D629AB900100D3E /* MGNetworkHandler.swift in Sources */ = {isa = PBXBuildFile; fileRef = A6C68FDB1D629AB900100D3E /* MGNetworkHandler.swift */; };
		A6C68FDE1D62AA4200100D3E /* MGNetworkManager.swift in Sources */ = {isa = PBXBuildFile; fileRef = A6C68FDD1D62AA4200100D3E /* MGNetworkManager.swift */; };
		A6F902601D62DD9A003EF7F7 /* MGNetworkDelegate.swift in Sources */ = {isa = PBXBuildFile; fileRef = A6F9025F1D62DD9A003EF7F7 /* MGNetworkDelegate.swift */; };
		A6FB79F31D61C70A00042CC0 /* AppDelegate.swift in Sources */ = {isa = PBXBuildFile; fileRef = A6FB79F21D61C70A00042CC0 /* AppDelegate.swift */; };
		A6FB79F51D61C70A00042CC0 /* ViewController.swift in Sources */ = {isa = PBXBuildFile; fileRef = A6FB79F41D61C70A00042CC0 /* ViewController.swift */; };
		A6FB79F81D61C70A00042CC0 /* Main.storyboard in Resources */ = {isa = PBXBuildFile; fileRef = A6FB79F61D61C70A00042CC0 /* Main.storyboard */; };
		A6FB79FA1D61C70A00042CC0 /* Assets.xcassets in Resources */ = {isa = PBXBuildFile; fileRef = A6FB79F91D61C70A00042CC0 /* Assets.xcassets */; };
		A6FB79FD1D61C70A00042CC0 /* LaunchScreen.storyboard in Resources */ = {isa = PBXBuildFile; fileRef = A6FB79FB1D61C70A00042CC0 /* LaunchScreen.storyboard */; };
		A6FB7A081D61C70A00042CC0 /* MGNetworkingTests.swift in Sources */ = {isa = PBXBuildFile; fileRef = A6FB7A071D61C70A00042CC0 /* MGNetworkingTests.swift */; };
		A6FB7A131D61C70B00042CC0 /* MGNetworkingUITests.swift in Sources */ = {isa = PBXBuildFile; fileRef = A6FB7A121D61C70B00042CC0 /* MGNetworkingUITests.swift */; };
		A6FB7A221D61C97500042CC0 /* MGNetworkConst.swift in Sources */ = {isa = PBXBuildFile; fileRef = A6FB7A211D61C97500042CC0 /* MGNetworkConst.swift */; };
		A6FBA8671D61E69B00C8254C /* MGNetworkUrl.swift in Sources */ = {isa = PBXBuildFile; fileRef = A6FBA8661D61E69B00C8254C /* MGNetworkUrl.swift */; };
		A6FBA8691D61E6D600C8254C /* MGNetworkItem.swift in Sources */ = {isa = PBXBuildFile; fileRef = A6FBA8681D61E6D600C8254C /* MGNetworkItem.swift */; };
		A6FBA86B1D61F6C000C8254C /* NetworkAPI.swift in Sources */ = {isa = PBXBuildFile; fileRef = A6FBA86A1D61F6C000C8254C /* NetworkAPI.swift */; };
/* End PBXBuildFile section */

/* Begin PBXContainerItemProxy section */
		A6FB7A041D61C70A00042CC0 /* PBXContainerItemProxy */ = {
			isa = PBXContainerItemProxy;
			containerPortal = A6FB79E71D61C70A00042CC0 /* Project object */;
			proxyType = 1;
			remoteGlobalIDString = A6FB79EE1D61C70A00042CC0;
			remoteInfo = MGNetworking;
		};
		A6FB7A0F1D61C70B00042CC0 /* PBXContainerItemProxy */ = {
			isa = PBXContainerItemProxy;
			containerPortal = A6FB79E71D61C70A00042CC0 /* Project object */;
			proxyType = 1;
			remoteGlobalIDString = A6FB79EE1D61C70A00042CC0;
			remoteInfo = MGNetworking;
		};
/* End PBXContainerItemProxy section */

/* Begin PBXFileReference section */
		4BA5BFA1C2234F66F569B149 /* Pods-MGNetworking.release.xcconfig */ = {isa = PBXFileReference; includeInIndex = 1; lastKnownFileType = text.xcconfig; name = "Pods-MGNetworking.release.xcconfig"; path = "Pods/Target Support Files/Pods-MGNetworking/Pods-MGNetworking.release.xcconfig"; sourceTree = "<group>"; };
		666E6340D5E2199184248BF7 /* Pods_MGNetworking.framework */ = {isa = PBXFileReference; explicitFileType = wrapper.framework; includeInIndex = 0; path = Pods_MGNetworking.framework; sourceTree = BUILT_PRODUCTS_DIR; };
		A6C68FDB1D629AB900100D3E /* MGNetworkHandler.swift */ = {isa = PBXFileReference; fileEncoding = 4; lastKnownFileType = sourcecode.swift; path = MGNetworkHandler.swift; sourceTree = "<group>"; };
		A6C68FDD1D62AA4200100D3E /* MGNetworkManager.swift */ = {isa = PBXFileReference; fileEncoding = 4; lastKnownFileType = sourcecode.swift; path = MGNetworkManager.swift; sourceTree = "<group>"; };
		A6F9025F1D62DD9A003EF7F7 /* MGNetworkDelegate.swift */ = {isa = PBXFileReference; fileEncoding = 4; lastKnownFileType = sourcecode.swift; path = MGNetworkDelegate.swift; sourceTree = "<group>"; };
		A6FB79EF1D61C70A00042CC0 /* MGNetworking.app */ = {isa = PBXFileReference; explicitFileType = wrapper.application; includeInIndex = 0; path = MGNetworking.app; sourceTree = BUILT_PRODUCTS_DIR; };
		A6FB79F21D61C70A00042CC0 /* AppDelegate.swift */ = {isa = PBXFileReference; lastKnownFileType = sourcecode.swift; path = AppDelegate.swift; sourceTree = "<group>"; };
		A6FB79F41D61C70A00042CC0 /* ViewController.swift */ = {isa = PBXFileReference; lastKnownFileType = sourcecode.swift; path = ViewController.swift; sourceTree = "<group>"; };
		A6FB79F71D61C70A00042CC0 /* Base */ = {isa = PBXFileReference; lastKnownFileType = file.storyboard; name = Base; path = Base.lproj/Main.storyboard; sourceTree = "<group>"; };
		A6FB79F91D61C70A00042CC0 /* Assets.xcassets */ = {isa = PBXFileReference; lastKnownFileType = folder.assetcatalog; path = Assets.xcassets; sourceTree = "<group>"; };
		A6FB79FC1D61C70A00042CC0 /* Base */ = {isa = PBXFileReference; lastKnownFileType = file.storyboard; name = Base; path = Base.lproj/LaunchScreen.storyboard; sourceTree = "<group>"; };
		A6FB79FE1D61C70A00042CC0 /* Info.plist */ = {isa = PBXFileReference; lastKnownFileType = text.plist.xml; path = Info.plist; sourceTree = "<group>"; };
		A6FB7A031D61C70A00042CC0 /* MGNetworkingTests.xctest */ = {isa = PBXFileReference; explicitFileType = wrapper.cfbundle; includeInIndex = 0; path = MGNetworkingTests.xctest; sourceTree = BUILT_PRODUCTS_DIR; };
		A6FB7A071D61C70A00042CC0 /* MGNetworkingTests.swift */ = {isa = PBXFileReference; lastKnownFileType = sourcecode.swift; path = MGNetworkingTests.swift; sourceTree = "<group>"; };
		A6FB7A091D61C70A00042CC0 /* Info.plist */ = {isa = PBXFileReference; lastKnownFileType = text.plist.xml; path = Info.plist; sourceTree = "<group>"; };
		A6FB7A0E1D61C70B00042CC0 /* MGNetworkingUITests.xctest */ = {isa = PBXFileReference; explicitFileType = wrapper.cfbundle; includeInIndex = 0; path = MGNetworkingUITests.xctest; sourceTree = BUILT_PRODUCTS_DIR; };
		A6FB7A121D61C70B00042CC0 /* MGNetworkingUITests.swift */ = {isa = PBXFileReference; lastKnownFileType = sourcecode.swift; path = MGNetworkingUITests.swift; sourceTree = "<group>"; };
		A6FB7A141D61C70B00042CC0 /* Info.plist */ = {isa = PBXFileReference; lastKnownFileType = text.plist.xml; path = Info.plist; sourceTree = "<group>"; };
		A6FB7A211D61C97500042CC0 /* MGNetworkConst.swift */ = {isa = PBXFileReference; fileEncoding = 4; lastKnownFileType = sourcecode.swift; path = MGNetworkConst.swift; sourceTree = "<group>"; };
		A6FBA8661D61E69B00C8254C /* MGNetworkUrl.swift */ = {isa = PBXFileReference; fileEncoding = 4; lastKnownFileType = sourcecode.swift; path = MGNetworkUrl.swift; sourceTree = "<group>"; };
		A6FBA8681D61E6D600C8254C /* MGNetworkItem.swift */ = {isa = PBXFileReference; fileEncoding = 4; lastKnownFileType = sourcecode.swift; path = MGNetworkItem.swift; sourceTree = "<group>"; };
		A6FBA86A1D61F6C000C8254C /* NetworkAPI.swift */ = {isa = PBXFileReference; fileEncoding = 4; lastKnownFileType = sourcecode.swift; name = NetworkAPI.swift; path = MGNetworking/NetworkAPI.swift; sourceTree = SOURCE_ROOT; };
		F78C72E8DA41A60FF2183A46 /* Pods-MGNetworking.debug.xcconfig */ = {isa = PBXFileReference; includeInIndex = 1; lastKnownFileType = text.xcconfig; name = "Pods-MGNetworking.debug.xcconfig"; path = "Pods/Target Support Files/Pods-MGNetworking/Pods-MGNetworking.debug.xcconfig"; sourceTree = "<group>"; };
/* End PBXFileReference section */

/* Begin PBXFrameworksBuildPhase section */
		A6FB79EC1D61C70A00042CC0 /* Frameworks */ = {
			isa = PBXFrameworksBuildPhase;
			buildActionMask = 2147483647;
			files = (
				62B0D8BB6108D54BA76EDA94 /* Pods_MGNetworking.framework in Frameworks */,
			);
			runOnlyForDeploymentPostprocessing = 0;
		};
		A6FB7A001D61C70A00042CC0 /* Frameworks */ = {
			isa = PBXFrameworksBuildPhase;
			buildActionMask = 2147483647;
			files = (
			);
			runOnlyForDeploymentPostprocessing = 0;
		};
		A6FB7A0B1D61C70B00042CC0 /* Frameworks */ = {
			isa = PBXFrameworksBuildPhase;
			buildActionMask = 2147483647;
			files = (
			);
			runOnlyForDeploymentPostprocessing = 0;
		};
/* End PBXFrameworksBuildPhase section */

/* Begin PBXGroup section */
		9C548162C602E758B0763F53 /* Frameworks */ = {
			isa = PBXGroup;
			children = (
				666E6340D5E2199184248BF7 /* Pods_MGNetworking.framework */,
			);
			name = Frameworks;
			sourceTree = "<group>";
		};
		9F8A5140F83AD30C7B57F39A /* Pods */ = {
			isa = PBXGroup;
			children = (
				F78C72E8DA41A60FF2183A46 /* Pods-MGNetworking.debug.xcconfig */,
				4BA5BFA1C2234F66F569B149 /* Pods-MGNetworking.release.xcconfig */,
			);
			name = Pods;
			sourceTree = "<group>";
		};
		A6FB79E61D61C70A00042CC0 = {
			isa = PBXGroup;
			children = (
				A6FB79F11D61C70A00042CC0 /* MGNetworking */,
				A6FB7A061D61C70A00042CC0 /* MGNetworkingTests */,
				A6FB7A111D61C70B00042CC0 /* MGNetworkingUITests */,
				A6FB79F01D61C70A00042CC0 /* Products */,
				9F8A5140F83AD30C7B57F39A /* Pods */,
				9C548162C602E758B0763F53 /* Frameworks */,
			);
			sourceTree = "<group>";
		};
		A6FB79F01D61C70A00042CC0 /* Products */ = {
			isa = PBXGroup;
			children = (
				A6FB79EF1D61C70A00042CC0 /* MGNetworking.app */,
				A6FB7A031D61C70A00042CC0 /* MGNetworkingTests.xctest */,
				A6FB7A0E1D61C70B00042CC0 /* MGNetworkingUITests.xctest */,
			);
			name = Products;
			sourceTree = "<group>";
		};
		A6FB79F11D61C70A00042CC0 /* MGNetworking */ = {
			isa = PBXGroup;
			children = (
				A6FB7A201D61C87B00042CC0 /* Network */,
				A6FBA86A1D61F6C000C8254C /* NetworkAPI.swift */,
				A6FB79F21D61C70A00042CC0 /* AppDelegate.swift */,
				A6FB79F41D61C70A00042CC0 /* ViewController.swift */,
				A6FB79F61D61C70A00042CC0 /* Main.storyboard */,
				A6FB79F91D61C70A00042CC0 /* Assets.xcassets */,
				A6FB79FB1D61C70A00042CC0 /* LaunchScreen.storyboard */,
				A6FB79FE1D61C70A00042CC0 /* Info.plist */,
			);
			path = MGNetworking;
			sourceTree = "<group>";
		};
		A6FB7A061D61C70A00042CC0 /* MGNetworkingTests */ = {
			isa = PBXGroup;
			children = (
				A6FB7A071D61C70A00042CC0 /* MGNetworkingTests.swift */,
				A6FB7A091D61C70A00042CC0 /* Info.plist */,
			);
			path = MGNetworkingTests;
			sourceTree = "<group>";
		};
		A6FB7A111D61C70B00042CC0 /* MGNetworkingUITests */ = {
			isa = PBXGroup;
			children = (
				A6FB7A121D61C70B00042CC0 /* MGNetworkingUITests.swift */,
				A6FB7A141D61C70B00042CC0 /* Info.plist */,
			);
			path = MGNetworkingUITests;
			sourceTree = "<group>";
		};
		A6FB7A201D61C87B00042CC0 /* Network */ = {
			isa = PBXGroup;
			children = (
				A6FB7A211D61C97500042CC0 /* MGNetworkConst.swift */,
				A6F9025F1D62DD9A003EF7F7 /* MGNetworkDelegate.swift */,
				A6FBA8661D61E69B00C8254C /* MGNetworkUrl.swift */,
				A6FBA8681D61E6D600C8254C /* MGNetworkItem.swift */,
				A6C68FDB1D629AB900100D3E /* MGNetworkHandler.swift */,
				A6C68FDD1D62AA4200100D3E /* MGNetworkManager.swift */,
			);
			path = Network;
			sourceTree = "<group>";
		};
/* End PBXGroup section */

/* Begin PBXNativeTarget section */
		A6FB79EE1D61C70A00042CC0 /* MGNetworking */ = {
			isa = PBXNativeTarget;
			buildConfigurationList = A6FB7A171D61C70B00042CC0 /* Build configuration list for PBXNativeTarget "MGNetworking" */;
			buildPhases = (
				53C28DBD514F7B7874A7A5CD /* [CP] Check Pods Manifest.lock */,
				A6FB79EB1D61C70A00042CC0 /* Sources */,
				A6FB79EC1D61C70A00042CC0 /* Frameworks */,
				A6FB79ED1D61C70A00042CC0 /* Resources */,
				A33D2F65DC9ED9DD4F4145A0 /* [CP] Embed Pods Frameworks */,
				C34774D27C8E9EF473A06D3E /* [CP] Copy Pods Resources */,
			);
			buildRules = (
			);
			dependencies = (
			);
			name = MGNetworking;
			productName = MGNetworking;
			productReference = A6FB79EF1D61C70A00042CC0 /* MGNetworking.app */;
			productType = "com.apple.product-type.application";
		};
		A6FB7A021D61C70A00042CC0 /* MGNetworkingTests */ = {
			isa = PBXNativeTarget;
			buildConfigurationList = A6FB7A1A1D61C70B00042CC0 /* Build configuration list for PBXNativeTarget "MGNetworkingTests" */;
			buildPhases = (
				A6FB79FF1D61C70A00042CC0 /* Sources */,
				A6FB7A001D61C70A00042CC0 /* Frameworks */,
				A6FB7A011D61C70A00042CC0 /* Resources */,
			);
			buildRules = (
			);
			dependencies = (
				A6FB7A051D61C70A00042CC0 /* PBXTargetDependency */,
			);
			name = MGNetworkingTests;
			productName = MGNetworkingTests;
			productReference = A6FB7A031D61C70A00042CC0 /* MGNetworkingTests.xctest */;
			productType = "com.apple.product-type.bundle.unit-test";
		};
		A6FB7A0D1D61C70B00042CC0 /* MGNetworkingUITests */ = {
			isa = PBXNativeTarget;
			buildConfigurationList = A6FB7A1D1D61C70B00042CC0 /* Build configuration list for PBXNativeTarget "MGNetworkingUITests" */;
			buildPhases = (
				A6FB7A0A1D61C70B00042CC0 /* Sources */,
				A6FB7A0B1D61C70B00042CC0 /* Frameworks */,
				A6FB7A0C1D61C70B00042CC0 /* Resources */,
			);
			buildRules = (
			);
			dependencies = (
				A6FB7A101D61C70B00042CC0 /* PBXTargetDependency */,
			);
			name = MGNetworkingUITests;
			productName = MGNetworkingUITests;
			productReference = A6FB7A0E1D61C70B00042CC0 /* MGNetworkingUITests.xctest */;
			productType = "com.apple.product-type.bundle.ui-testing";
		};
/* End PBXNativeTarget section */

/* Begin PBXProject section */
		A6FB79E71D61C70A00042CC0 /* Project object */ = {
			isa = PBXProject;
			attributes = {
				LastSwiftUpdateCheck = 0730;
				LastUpgradeCheck = 0730;
				ORGANIZATIONNAME = GaoFei;
				TargetAttributes = {
					A6FB79EE1D61C70A00042CC0 = {
						CreatedOnToolsVersion = 7.3.1;
						DevelopmentTeam = XQAXV8H896;
					};
					A6FB7A021D61C70A00042CC0 = {
						CreatedOnToolsVersion = 7.3.1;
						DevelopmentTeam = XQAXV8H896;
						TestTargetID = A6FB79EE1D61C70A00042CC0;
					};
					A6FB7A0D1D61C70B00042CC0 = {
						CreatedOnToolsVersion = 7.3.1;
						DevelopmentTeam = XQAXV8H896;
						TestTargetID = A6FB79EE1D61C70A00042CC0;
					};
				};
			};
			buildConfigurationList = A6FB79EA1D61C70A00042CC0 /* Build configuration list for PBXProject "MGNetworking" */;
			compatibilityVersion = "Xcode 3.2";
			developmentRegion = English;
			hasScannedForEncodings = 0;
			knownRegions = (
				en,
				Base,
			);
			mainGroup = A6FB79E61D61C70A00042CC0;
			productRefGroup = A6FB79F01D61C70A00042CC0 /* Products */;
			projectDirPath = "";
			projectRoot = "";
			targets = (
				A6FB79EE1D61C70A00042CC0 /* MGNetworking */,
				A6FB7A021D61C70A00042CC0 /* MGNetworkingTests */,
				A6FB7A0D1D61C70B00042CC0 /* MGNetworkingUITests */,
			);
		};
/* End PBXProject section */

/* Begin PBXResourcesBuildPhase section */
		A6FB79ED1D61C70A00042CC0 /* Resources */ = {
			isa = PBXResourcesBuildPhase;
			buildActionMask = 2147483647;
			files = (
				A6FB79FD1D61C70A00042CC0 /* LaunchScreen.storyboard in Resources */,
				A6FB79FA1D61C70A00042CC0 /* Assets.xcassets in Resources */,
				A6FB79F81D61C70A00042CC0 /* Main.storyboard in Resources */,
			);
			runOnlyForDeploymentPostprocessing = 0;
		};
		A6FB7A011D61C70A00042CC0 /* Resources */ = {
			isa = PBXResourcesBuildPhase;
			buildActionMask = 2147483647;
			files = (
			);
			runOnlyForDeploymentPostprocessing = 0;
		};
		A6FB7A0C1D61C70B00042CC0 /* Resources */ = {
			isa = PBXResourcesBuildPhase;
			buildActionMask = 2147483647;
			files = (
			);
			runOnlyForDeploymentPostprocessing = 0;
		};
/* End PBXResourcesBuildPhase section */

/* Begin PBXShellScriptBuildPhase section */
		53C28DBD514F7B7874A7A5CD /* [CP] Check Pods Manifest.lock */ = {
			isa = PBXShellScriptBuildPhase;
			buildActionMask = 2147483647;
			files = (
			);
			inputPaths = (
			);
			name = "[CP] Check Pods Manifest.lock";
			outputPaths = (
			);
			runOnlyForDeploymentPostprocessing = 0;
			shellPath = /bin/sh;
			shellScript = "diff \"${PODS_ROOT}/../Podfile.lock\" \"${PODS_ROOT}/Manifest.lock\" > /dev/null\nif [[ $? != 0 ]] ; then\n    cat << EOM\nerror: The sandbox is not in sync with the Podfile.lock. Run 'pod install' or update your CocoaPods installation.\nEOM\n    exit 1\nfi\n";
			showEnvVarsInLog = 0;
		};
		A33D2F65DC9ED9DD4F4145A0 /* [CP] Embed Pods Frameworks */ = {
			isa = PBXShellScriptBuildPhase;
			buildActionMask = 2147483647;
			files = (
			);
			inputPaths = (
			);
			name = "[CP] Embed Pods Frameworks";
			outputPaths = (
			);
			runOnlyForDeploymentPostprocessing = 0;
			shellPath = /bin/sh;
			shellScript = "\"${SRCROOT}/Pods/Target Support Files/Pods-MGNetworking/Pods-MGNetworking-frameworks.sh\"\n";
			showEnvVarsInLog = 0;
		};
		C34774D27C8E9EF473A06D3E /* [CP] Copy Pods Resources */ = {
			isa = PBXShellScriptBuildPhase;
			buildActionMask = 2147483647;
			files = (
			);
			inputPaths = (
			);
			name = "[CP] Copy Pods Resources";
			outputPaths = (
			);
			runOnlyForDeploymentPostprocessing = 0;
			shellPath = /bin/sh;
			shellScript = "\"${SRCROOT}/Pods/Target Support Files/Pods-MGNetworking/Pods-MGNetworking-resources.sh\"\n";
			showEnvVarsInLog = 0;
		};
/* End PBXShellScriptBuildPhase section */

/* Begin PBXSourcesBuildPhase section */
		A6FB79EB1D61C70A00042CC0 /* Sources */ = {
			isa = PBXSourcesBuildPhase;
			buildActionMask = 2147483647;
			files = (
				A6FB79F51D61C70A00042CC0 /* ViewController.swift in Sources */,
				A6C68FDC1D629AB900100D3E /* MGNetworkHandler.swift in Sources */,
				A6C68FDE1D62AA4200100D3E /* MGNetworkManager.swift in Sources */,
				A6FB79F31D61C70A00042CC0 /* AppDelegate.swift in Sources */,
				A6FBA8691D61E6D600C8254C /* MGNetworkItem.swift in Sources */,
				A6FBA8671D61E69B00C8254C /* MGNetworkUrl.swift in Sources */,
				A6FB7A221D61C97500042CC0 /* MGNetworkConst.swift in Sources */,
				A6FBA86B1D61F6C000C8254C /* NetworkAPI.swift in Sources */,
				A6F902601D62DD9A003EF7F7 /* MGNetworkDelegate.swift in Sources */,
			);
			runOnlyForDeploymentPostprocessing = 0;
		};
		A6FB79FF1D61C70A00042CC0 /* Sources */ = {
			isa = PBXSourcesBuildPhase;
			buildActionMask = 2147483647;
			files = (
				A6FB7A081D61C70A00042CC0 /* MGNetworkingTests.swift in Sources */,
			);
			runOnlyForDeploymentPostprocessing = 0;
		};
		A6FB7A0A1D61C70B00042CC0 /* Sources */ = {
			isa = PBXSourcesBuildPhase;
			buildActionMask = 2147483647;
			files = (
				A6FB7A131D61C70B00042CC0 /* MGNetworkingUITests.swift in Sources */,
			);
			runOnlyForDeploymentPostprocessing = 0;
		};
/* End PBXSourcesBuildPhase section */

/* Begin PBXTargetDependency section */
		A6FB7A051D61C70A00042CC0 /* PBXTargetDependency */ = {
			isa = PBXTargetDependency;
			target = A6FB79EE1D61C70A00042CC0 /* MGNetworking */;
			targetProxy = A6FB7A041D61C70A00042CC0 /* PBXContainerItemProxy */;
		};
		A6FB7A101D61C70B00042CC0 /* PBXTargetDependency */ = {
			isa = PBXTargetDependency;
			target = A6FB79EE1D61C70A00042CC0 /* MGNetworking */;
			targetProxy = A6FB7A0F1D61C70B00042CC0 /* PBXContainerItemProxy */;
		};
/* End PBXTargetDependency section */

/* Begin PBXVariantGroup section */
		A6FB79F61D61C70A00042CC0 /* Main.storyboard */ = {
			isa = PBXVariantGroup;
			children = (
				A6FB79F71D61C70A00042CC0 /* Base */,
			);
			name = Main.storyboard;
			sourceTree = "<group>";
		};
		A6FB79FB1D61C70A00042CC0 /* LaunchScreen.storyboard */ = {
			isa = PBXVariantGroup;
			children = (
				A6FB79FC1D61C70A00042CC0 /* Base */,
			);
			name = LaunchScreen.storyboard;
			sourceTree = "<group>";
		};
/* End PBXVariantGroup section */

/* Begin XCBuildConfiguration section */
		A6FB7A151D61C70B00042CC0 /* Debug */ = {
			isa = XCBuildConfiguration;
			buildSettings = {
				ALWAYS_SEARCH_USER_PATHS = NO;
				CLANG_ANALYZER_NONNULL = YES;
				CLANG_CXX_LANGUAGE_STANDARD = "gnu++0x";
				CLANG_CXX_LIBRARY = "libc++";
				CLANG_ENABLE_MODULES = YES;
				CLANG_ENABLE_OBJC_ARC = YES;
				CLANG_WARN_BOOL_CONVERSION = YES;
				CLANG_WARN_CONSTANT_CONVERSION = YES;
				CLANG_WARN_DIRECT_OBJC_ISA_USAGE = YES_ERROR;
				CLANG_WARN_EMPTY_BODY = YES;
				CLANG_WARN_ENUM_CONVERSION = YES;
				CLANG_WARN_INT_CONVERSION = YES;
				CLANG_WARN_OBJC_ROOT_CLASS = YES_ERROR;
				CLANG_WARN_UNREACHABLE_CODE = YES;
				CLANG_WARN__DUPLICATE_METHOD_MATCH = YES;
				"CODE_SIGN_IDENTITY[sdk=iphoneos*]" = "iPhone Developer";
				COPY_PHASE_STRIP = NO;
				DEBUG_INFORMATION_FORMAT = dwarf;
				ENABLE_STRICT_OBJC_MSGSEND = YES;
				ENABLE_TESTABILITY = YES;
				GCC_C_LANGUAGE_STANDARD = gnu99;
				GCC_DYNAMIC_NO_PIC = NO;
				GCC_NO_COMMON_BLOCKS = YES;
				GCC_OPTIMIZATION_LEVEL = 0;
				GCC_PREPROCESSOR_DEFINITIONS = (
					"DEBUG=1",
					"$(inherited)",
				);
				GCC_WARN_64_TO_32_BIT_CONVERSION = YES;
				GCC_WARN_ABOUT_RETURN_TYPE = YES_ERROR;
				GCC_WARN_UNDECLARED_SELECTOR = YES;
				GCC_WARN_UNINITIALIZED_AUTOS = YES_AGGRESSIVE;
				GCC_WARN_UNUSED_FUNCTION = YES;
				GCC_WARN_UNUSED_VARIABLE = YES;
				IPHONEOS_DEPLOYMENT_TARGET = 9.3;
				MTL_ENABLE_DEBUG_INFO = YES;
				ONLY_ACTIVE_ARCH = YES;
				SDKROOT = iphoneos;
				SWIFT_OPTIMIZATION_LEVEL = "-Onone";
				TARGETED_DEVICE_FAMILY = "1,2";
			};
			name = Debug;
		};
		A6FB7A161D61C70B00042CC0 /* Release */ = {
			isa = XCBuildConfiguration;
			buildSettings = {
				ALWAYS_SEARCH_USER_PATHS = NO;
				CLANG_ANALYZER_NONNULL = YES;
				CLANG_CXX_LANGUAGE_STANDARD = "gnu++0x";
				CLANG_CXX_LIBRARY = "libc++";
				CLANG_ENABLE_MODULES = YES;
				CLANG_ENABLE_OBJC_ARC = YES;
				CLANG_WARN_BOOL_CONVERSION = YES;
				CLANG_WARN_CONSTANT_CONVERSION = YES;
				CLANG_WARN_DIRECT_OBJC_ISA_USAGE = YES_ERROR;
				CLANG_WARN_EMPTY_BODY = YES;
				CLANG_WARN_ENUM_CONVERSION = YES;
				CLANG_WARN_INT_CONVERSION = YES;
				CLANG_WARN_OBJC_ROOT_CLASS = YES_ERROR;
				CLANG_WARN_UNREACHABLE_CODE = YES;
				CLANG_WARN__DUPLICATE_METHOD_MATCH = YES;
				"CODE_SIGN_IDENTITY[sdk=iphoneos*]" = "iPhone Developer";
				COPY_PHASE_STRIP = NO;
				DEBUG_INFORMATION_FORMAT = "dwarf-with-dsym";
				ENABLE_NS_ASSERTIONS = NO;
				ENABLE_STRICT_OBJC_MSGSEND = YES;
				GCC_C_LANGUAGE_STANDARD = gnu99;
				GCC_NO_COMMON_BLOCKS = YES;
				GCC_WARN_64_TO_32_BIT_CONVERSION = YES;
				GCC_WARN_ABOUT_RETURN_TYPE = YES_ERROR;
				GCC_WARN_UNDECLARED_SELECTOR = YES;
				GCC_WARN_UNINITIALIZED_AUTOS = YES_AGGRESSIVE;
				GCC_WARN_UNUSED_FUNCTION = YES;
				GCC_WARN_UNUSED_VARIABLE = YES;
				IPHONEOS_DEPLOYMENT_TARGET = 9.3;
				MTL_ENABLE_DEBUG_INFO = NO;
				SDKROOT = iphoneos;
				TARGETED_DEVICE_FAMILY = "1,2";
				VALIDATE_PRODUCT = YES;
			};
			name = Release;
		};
		A6FB7A181D61C70B00042CC0 /* Debug */ = {
			isa = XCBuildConfiguration;
			baseConfigurationReference = F78C72E8DA41A60FF2183A46 /* Pods-MGNetworking.debug.xcconfig */;
			buildSettings = {
				ASSETCATALOG_COMPILER_APPICON_NAME = AppIcon;
				INFOPLIST_FILE = MGNetworking/Info.plist;
				LD_RUNPATH_SEARCH_PATHS = "$(inherited) @executable_path/Frameworks";
				PRODUCT_BUNDLE_IDENTIFIER = gf.MGNetworking;
				PRODUCT_NAME = "$(TARGET_NAME)";
			};
			name = Debug;
		};
		A6FB7A191D61C70B00042CC0 /* Release */ = {
			isa = XCBuildConfiguration;
			baseConfigurationReference = 4BA5BFA1C2234F66F569B149 /* Pods-MGNetworking.release.xcconfig */;
			buildSettings = {
				ASSETCATALOG_COMPILER_APPICON_NAME = AppIcon;
				INFOPLIST_FILE = MGNetworking/Info.plist;
				LD_RUNPATH_SEARCH_PATHS = "$(inherited) @executable_path/Frameworks";
				PRODUCT_BUNDLE_IDENTIFIER = gf.MGNetworking;
				PRODUCT_NAME = "$(TARGET_NAME)";
			};
			name = Release;
		};
		A6FB7A1B1D61C70B00042CC0 /* Debug */ = {
			isa = XCBuildConfiguration;
			buildSettings = {
				BUNDLE_LOADER = "$(TEST_HOST)";
				INFOPLIST_FILE = MGNetworkingTests/Info.plist;
				LD_RUNPATH_SEARCH_PATHS = "$(inherited) @executable_path/Frameworks @loader_path/Frameworks";
				PRODUCT_BUNDLE_IDENTIFIER = gf.MGNetworkingTests;
				PRODUCT_NAME = "$(TARGET_NAME)";
				TEST_HOST = "$(BUILT_PRODUCTS_DIR)/MGNetworking.app/MGNetworking";
			};
			name = Debug;
		};
		A6FB7A1C1D61C70B00042CC0 /* Release */ = {
			isa = XCBuildConfiguration;
			buildSettings = {
				BUNDLE_LOADER = "$(TEST_HOST)";
				INFOPLIST_FILE = MGNetworkingTests/Info.plist;
				LD_RUNPATH_SEARCH_PATHS = "$(inherited) @executable_path/Frameworks @loader_path/Frameworks";
				PRODUCT_BUNDLE_IDENTIFIER = gf.MGNetworkingTests;
				PRODUCT_NAME = "$(TARGET_NAME)";
				TEST_HOST = "$(BUILT_PRODUCTS_DIR)/MGNetworking.app/MGNetworking";
			};
			name = Release;
		};
		A6FB7A1E1D61C70B00042CC0 /* Debug */ = {
			isa = XCBuildConfiguration;
			buildSettings = {
				INFOPLIST_FILE = MGNetworkingUITests/Info.plist;
				LD_RUNPATH_SEARCH_PATHS = "$(inherited) @executable_path/Frameworks @loader_path/Frameworks";
				PRODUCT_BUNDLE_IDENTIFIER = gf.MGNetworkingUITests;
				PRODUCT_NAME = "$(TARGET_NAME)";
				TEST_TARGET_NAME = MGNetworking;
			};
			name = Debug;
		};
		A6FB7A1F1D61C70B00042CC0 /* Release */ = {
			isa = XCBuildConfiguration;
			buildSettings = {
				INFOPLIST_FILE = MGNetworkingUITests/Info.plist;
				LD_RUNPATH_SEARCH_PATHS = "$(inherited) @executable_path/Frameworks @loader_path/Frameworks";
				PRODUCT_BUNDLE_IDENTIFIER = gf.MGNetworkingUITests;
				PRODUCT_NAME = "$(TARGET_NAME)";
				TEST_TARGET_NAME = MGNetworking;
			};
			name = Release;
		};
/* End XCBuildConfiguration section */

/* Begin XCConfigurationList section */
		A6FB79EA1D61C70A00042CC0 /* Build configuration list for PBXProject "MGNetworking" */ = {
			isa = XCConfigurationList;
			buildConfigurations = (
				A6FB7A151D61C70B00042CC0 /* Debug */,
				A6FB7A161D61C70B00042CC0 /* Release */,
			);
			defaultConfigurationIsVisible = 0;
			defaultConfigurationName = Release;
		};
		A6FB7A171D61C70B00042CC0 /* Build configuration list for PBXNativeTarget "MGNetworking" */ = {
			isa = XCConfigurationList;
			buildConfigurations = (
				A6FB7A181D61C70B00042CC0 /* Debug */,
				A6FB7A191D61C70B00042CC0 /* Release */,
			);
			defaultConfigurationIsVisible = 0;
			defaultConfigurationName = Release;
		};
		A6FB7A1A1D61C70B00042CC0 /* Build configuration list for PBXNativeTarget "MGNetworkingTests" */ = {
			isa = XCConfigurationList;
			buildConfigurations = (
				A6FB7A1B1D61C70B00042CC0 /* Debug */,
				A6FB7A1C1D61C70B00042CC0 /* Release */,
			);
			defaultConfigurationIsVisible = 0;
			defaultConfigurationName = Release;
		};
		A6FB7A1D1D61C70B00042CC0 /* Build configuration list for PBXNativeTarget "MGNetworkingUITests" */ = {
			isa = XCConfigurationList;
			buildConfigurations = (
				A6FB7A1E1D61C70B00042CC0 /* Debug */,
				A6FB7A1F1D61C70B00042CC0 /* Release */,
			);
			defaultConfigurationIsVisible = 0;
			defaultConfigurationName = Release;
		};
/* End XCConfigurationList section */
	};
	rootObject = A6FB79E71D61C70A00042CC0 /* Project object */;
}
